// !$*UTF8*$!
{
	archiveVersion = 1;
	classes = {
	};
	objectVersion = 46;
	objects = {

/* Begin PBXBuildFile section */
		85CF88221C38B73B00E61B49 /* AppDelegate.swift in Sources */ = {isa = PBXBuildFile; fileRef = 85CF88211C38B73B00E61B49 /* AppDelegate.swift */; };
		85CF88241C38B73B00E61B49 /* ViewController.swift in Sources */ = {isa = PBXBuildFile; fileRef = 85CF88231C38B73B00E61B49 /* ViewController.swift */; };
		85CF88271C38B73B00E61B49 /* Main.storyboard in Resources */ = {isa = PBXBuildFile; fileRef = 85CF88251C38B73B00E61B49 /* Main.storyboard */; };
		85CF88291C38B73B00E61B49 /* Assets.xcassets in Resources */ = {isa = PBXBuildFile; fileRef = 85CF88281C38B73B00E61B49 /* Assets.xcassets */; };
		85CF882C1C38B73B00E61B49 /* LaunchScreen.storyboard in Resources */ = {isa = PBXBuildFile; fileRef = 85CF882A1C38B73B00E61B49 /* LaunchScreen.storyboard */; };
		85CF88341C38C08400E61B49 /* pokemon.csv in Resources */ = {isa = PBXBuildFile; fileRef = 85CF88331C38C08400E61B49 /* pokemon.csv */; };
		85CF88371C38C15500E61B49 /* Pokemon.swift in Sources */ = {isa = PBXBuildFile; fileRef = 85CF88361C38C15500E61B49 /* Pokemon.swift */; };
/* End PBXBuildFile section */

/* Begin PBXFileReference section */
		85CF881E1C38B73B00E61B49 /* pokedex.app */ = {isa = PBXFileReference; explicitFileType = wrapper.application; includeInIndex = 0; path = pokedex.app; sourceTree = BUILT_PRODUCTS_DIR; };
		85CF88211C38B73B00E61B49 /* AppDelegate.swift */ = {isa = PBXFileReference; lastKnownFileType = sourcecode.swift; path = AppDelegate.swift; sourceTree = "<group>"; };
		85CF88231C38B73B00E61B49 /* ViewController.swift */ = {isa = PBXFileReference; lastKnownFileType = sourcecode.swift; path = ViewController.swift; sourceTree = "<group>"; };
		85CF88261C38B73B00E61B49 /* Base */ = {isa = PBXFileReference; lastKnownFileType = file.storyboard; name = Base; path = Base.lproj/Main.storyboard; sourceTree = "<group>"; };
		85CF88281C38B73B00E61B49 /* Assets.xcassets */ = {isa = PBXFileReference; lastKnownFileType = folder.assetcatalog; path = Assets.xcassets; sourceTree = "<group>"; };
		85CF882B1C38B73B00E61B49 /* Base */ = {isa = PBXFileReference; lastKnownFileType = file.storyboard; name = Base; path = Base.lproj/LaunchScreen.storyboard; sourceTree = "<group>"; };
		85CF882D1C38B73B00E61B49 /* Info.plist */ = {isa = PBXFileReference; lastKnownFileType = text.plist.xml; path = Info.plist; sourceTree = "<group>"; };
		85CF88331C38C08400E61B49 /* pokemon.csv */ = {isa = PBXFileReference; fileEncoding = 4; lastKnownFileType = text; path = pokemon.csv; sourceTree = "<group>"; };
		85CF88361C38C15500E61B49 /* Pokemon.swift */ = {isa = PBXFileReference; fileEncoding = 4; lastKnownFileType = sourcecode.swift; path = Pokemon.swift; sourceTree = "<group>"; };
/* End PBXFileReference section */

/* Begin PBXFrameworksBuildPhase section */
		85CF881B1C38B73B00E61B49 /* Frameworks */ = {
			isa = PBXFrameworksBuildPhase;
			buildActionMask = 2147483647;
			files = (
			);
			runOnlyForDeploymentPostprocessing = 0;
		};
/* End PBXFrameworksBuildPhase section */

/* Begin PBXGroup section */
		85CF88151C38B73B00E61B49 = {
			isa = PBXGroup;
			children = (
				85CF88201C38B73B00E61B49 /* pokedex */,
				85CF881F1C38B73B00E61B49 /* Products */,
			);
			sourceTree = "<group>";
		};
		85CF881F1C38B73B00E61B49 /* Products */ = {
			isa = PBXGroup;
			children = (
				85CF881E1C38B73B00E61B49 /* pokedex.app */,
			);
			name = Products;
			sourceTree = "<group>";
		};
		85CF88201C38B73B00E61B49 /* pokedex */ = {
			isa = PBXGroup;
			children = (
				85CF88351C38C14600E61B49 /* Model */,
				85CF88211C38B73B00E61B49 /* AppDelegate.swift */,
				85CF88231C38B73B00E61B49 /* ViewController.swift */,
				85CF88251C38B73B00E61B49 /* Main.storyboard */,
				85CF88281C38B73B00E61B49 /* Assets.xcassets */,
				85CF882A1C38B73B00E61B49 /* LaunchScreen.storyboard */,
				85CF88331C38C08400E61B49 /* pokemon.csv */,
				85CF882D1C38B73B00E61B49 /* Info.plist */,
			);
			path = pokedex;
			sourceTree = "<group>";
		};
		85CF88351C38C14600E61B49 /* Model */ = {
			isa = PBXGroup;
			children = (
				85CF88361C38C15500E61B49 /* Pokemon.swift */,
			);
			name = Model;
			sourceTree = "<group>";
		};
/* End PBXGroup section */

/* Begin PBXNativeTarget section */
		85CF881D1C38B73B00E61B49 /* pokedex */ = {
			isa = PBXNativeTarget;
			buildConfigurationList = 85CF88301C38B73B00E61B49 /* Build configuration list for PBXNativeTarget "pokedex" */;
			buildPhases = (
				85CF881A1C38B73B00E61B49 /* Sources */,
				85CF881B1C38B73B00E61B49 /* Frameworks */,
				85CF881C1C38B73B00E61B49 /* Resources */,
			);
			buildRules = (
			);
			dependencies = (
			);
			name = pokedex;
			productName = pokedex;
			productReference = 85CF881E1C38B73B00E61B49 /* pokedex.app */;
			productType = "com.apple.product-type.application";
		};
/* End PBXNativeTarget section */

/* Begin PBXProject section */
		85CF88161C38B73B00E61B49 /* Project object */ = {
			isa = PBXProject;
			attributes = {
				LastSwiftUpdateCheck = 0720;
				LastUpgradeCheck = 0720;
				ORGANIZATIONNAME = "Gabby Rubin";
				TargetAttributes = {
					85CF881D1C38B73B00E61B49 = {
						CreatedOnToolsVersion = 7.2;
					};
				};
			};
			buildConfigurationList = 85CF88191C38B73B00E61B49 /* Build configuration list for PBXProject "pokedex" */;
			compatibilityVersion = "Xcode 3.2";
			developmentRegion = English;
			hasScannedForEncodings = 0;
			knownRegions = (
				en,
				Base,
			);
			mainGroup = 85CF88151C38B73B00E61B49;
			productRefGroup = 85CF881F1C38B73B00E61B49 /* Products */;
			projectDirPath = "";
			projectRoot = "";
			targets = (
				85CF881D1C38B73B00E61B49 /* pokedex */,
			);
		};
/* End PBXProject section */

/* Begin PBXResourcesBuildPhase section */
		85CF881C1C38B73B00E61B49 /* Resources */ = {
			isa = PBXResourcesBuildPhase;
			buildActionMask = 2147483647;
			files = (
				85CF882C1C38B73B00E61B49 /* LaunchScreen.storyboard in Resources */,
				85CF88291C38B73B00E61B49 /* Assets.xcassets in Resources */,
				85CF88341C38C08400E61B49 /* pokemon.csv in Resources */,
				85CF88271C38B73B00E61B49 /* Main.storyboard in Resources */,
			);
			runOnlyForDeploymentPostprocessing = 0;
		};
/* End PBXResourcesBuildPhase section */

/* Begin PBXSourcesBuildPhase section */
		85CF881A1C38B73B00E61B49 /* Sources */ = {
			isa = PBXSourcesBuildPhase;
			buildActionMask = 2147483647;
			files = (
				85CF88241C38B73B00E61B49 /* ViewController.swift in Sources */,
				85CF88221C38B73B00E61B49 /* AppDelegate.swift in Sources */,
				85CF88371C38C15500E61B49 /* Pokemon.swift in Sources */,
			);
			runOnlyForDeploymentPostprocessing = 0;
		};
/* End PBXSourcesBuildPhase section */

/* Begin PBXVariantGroup section */
		85CF88251C38B73B00E61B49 /* Main.storyboard */ = {
			isa = PBXVariantGroup;
			children = (
				85CF88261C38B73B00E61B49 /* Base */,
			);
			name = Main.storyboard;
			sourceTree = "<group>";
		};
		85CF882A1C38B73B00E61B49 /* LaunchScreen.storyboard */ = {
			isa = PBXVariantGroup;
			children = (
				85CF882B1C38B73B00E61B49 /* Base */,
			);
			name = LaunchScreen.storyboard;
			sourceTree = "<group>";
		};
/* End PBXVariantGroup section */

/* Begin XCBuildConfiguration section */
		85CF882E1C38B73B00E61B49 /* Debug */ = {
			isa = XCBuildConfiguration;
			buildSettings = {
				ALWAYS_SEARCH_USER_PATHS = NO;
				CLANG_CXX_LANGUAGE_STANDARD = "gnu++0x";
				CLANG_CXX_LIBRARY = "libc++";
				CLANG_ENABLE_MODULES = YES;
				CLANG_ENABLE_OBJC_ARC = YES;
				CLANG_WARN_BOOL_CONVERSION = YES;
				CLANG_WARN_CONSTANT_CONVERSION = YES;
				CLANG_WARN_DIRECT_OBJC_ISA_USAGE = YES_ERROR;
				CLANG_WARN_EMPTY_BODY = YES;
				CLANG_WARN_ENUM_CONVERSION = YES;
				CLANG_WARN_INT_CONVERSION = YES;
				CLANG_WARN_OBJC_ROOT_CLASS = YES_ERROR;
				CLANG_WARN_UNREACHABLE_CODE = YES;
				CLANG_WARN__DUPLICATE_METHOD_MATCH = YES;
				"CODE_SIGN_IDENTITY[sdk=iphoneos*]" = "iPhone Developer";
				COPY_PHASE_STRIP = NO;
				DEBUG_INFORMATION_FORMAT = dwarf;
				ENABLE_STRICT_OBJC_MSGSEND = YES;
				ENABLE_TESTABILITY = YES;
				GCC_C_LANGUAGE_STANDARD = gnu99;
				GCC_DYNAMIC_NO_PIC = NO;
				GCC_NO_COMMON_BLOCKS = YES;
				GCC_OPTIMIZATION_LEVEL = 0;
				GCC_PREPROCESSOR_DEFINITIONS = (
					"DEBUG=1",
					"$(inherited)",
				);
				GCC_WARN_64_TO_32_BIT_CONVERSION = YES;
				GCC_WARN_ABOUT_RETURN_TYPE = YES_ERROR;
				GCC_WARN_UNDECLARED_SELECTOR = YES;
				GCC_WARN_UNINITIALIZED_AUTOS = YES_AGGRESSIVE;
				GCC_WARN_UNUSED_FUNCTION = YES;
				GCC_WARN_UNUSED_VARIABLE = YES;
				IPHONEOS_DEPLOYMENT_TARGET = 9.2;
				MTL_ENABLE_DEBUG_INFO = YES;
				ONLY_ACTIVE_ARCH = YES;
				SDKROOT = iphoneos;
				SWIFT_OPTIMIZATION_LEVEL = "-Onone";
				TARGETED_DEVICE_FAMILY = "1,2";
			};
			name = Debug;
		};
		85CF882F1C38B73B00E61B49 /* Release */ = {
			isa = XCBuildConfiguration;
			buildSettings = {
				ALWAYS_SEARCH_USER_PATHS = NO;
				CLANG_CXX_LANGUAGE_STANDARD = "gnu++0x";
				CLANG_CXX_LIBRARY = "libc++";
				CLANG_ENABLE_MODULES = YES;
				CLANG_ENABLE_OBJC_ARC = YES;
				CLANG_WARN_BOOL_CONVERSION = YES;
				CLANG_WARN_CONSTANT_CONVERSION = YES;
				CLANG_WARN_DIRECT_OBJC_ISA_USAGE = YES_ERROR;
				CLANG_WARN_EMPTY_BODY = YES;
				CLANG_WARN_ENUM_CONVERSION = YES;
				CLANG_WARN_INT_CONVERSION = YES;
				CLANG_WARN_OBJC_ROOT_CLASS = YES_ERROR;
				CLANG_WARN_UNREACHABLE_CODE = YES;
				CLANG_WARN__DUPLICATE_METHOD_MATCH = YES;
				"CODE_SIGN_IDENTITY[sdk=iphoneos*]" = "iPhone Developer";
				COPY_PHASE_STRIP = NO;
				DEBUG_INFORMATION_FORMAT = "dwarf-with-dsym";
				ENABLE_NS_ASSERTIONS = NO;
				ENABLE_STRICT_OBJC_MSGSEND = YES;
				GCC_C_LANGUAGE_STANDARD = gnu99;
				GCC_NO_COMMON_BLOCKS = YES;
				GCC_WARN_64_TO_32_BIT_CONVERSION = YES;
				GCC_WARN_ABOUT_RETURN_TYPE = YES_ERROR;
				GCC_WARN_UNDECLARED_SELECTOR = YES;
				GCC_WARN_UNINITIALIZED_AUTOS = YES_AGGRESSIVE;
				GCC_WARN_UNUSED_FUNCTION = YES;
				GCC_WARN_UNUSED_VARIABLE = YES;
				IPHONEOS_DEPLOYMENT_TARGET = 9.2;
				MTL_ENABLE_DEBUG_INFO = NO;
				SDKROOT = iphoneos;
				TARGETED_DEVICE_FAMILY = "1,2";
				VALIDATE_PRODUCT = YES;
			};
			name = Release;
		};
		85CF88311C38B73B00E61B49 /* Debug */ = {
			isa = XCBuildConfiguration;
			buildSettings = {
				ASSETCATALOG_COMPILER_APPICON_NAME = AppIcon;
				INFOPLIST_FILE = pokedex/Info.plist;
				LD_RUNPATH_SEARCH_PATHS = "$(inherited) @executable_path/Frameworks";
				PRODUCT_BUNDLE_IDENTIFIER = com.eatingmyhat.pokedex;
				PRODUCT_NAME = "$(TARGET_NAME)";
			};
			name = Debug;
		};
		85CF88321C38B73B00E61B49 /* Release */ = {
			isa = XCBuildConfiguration;
			buildSettings = {
				ASSETCATALOG_COMPILER_APPICON_NAME = AppIcon;
				INFOPLIST_FILE = pokedex/Info.plist;
				LD_RUNPATH_SEARCH_PATHS = "$(inherited) @executable_path/Frameworks";
				PRODUCT_BUNDLE_IDENTIFIER = com.eatingmyhat.pokedex;
				PRODUCT_NAME = "$(TARGET_NAME)";
			};
			name = Release;
		};
/* End XCBuildConfiguration section */

/* Begin XCConfigurationList section */
		85CF88191C38B73B00E61B49 /* Build configuration list for PBXProject "pokedex" */ = {
			isa = XCConfigurationList;
			buildConfigurations = (
				85CF882E1C38B73B00E61B49 /* Debug */,
				85CF882F1C38B73B00E61B49 /* Release */,
			);
			defaultConfigurationIsVisible = 0;
			defaultConfigurationName = Release;
		};
		85CF88301C38B73B00E61B49 /* Build configuration list for PBXNativeTarget "pokedex" */ = {
			isa = XCConfigurationList;
			buildConfigurations = (
				85CF88311C38B73B00E61B49 /* Debug */,
				85CF88321C38B73B00E61B49 /* Release */,
			);
			defaultConfigurationIsVisible = 0;
		};
/* End XCConfigurationList section */
	};
	rootObject = 85CF88161C38B73B00E61B49 /* Project object */;
}
